
Microsoft Visual Studio Solution File, Format Version 12.00
# Visual Studio Version 17
VisualStudioVersion = 17.4.33110.190
MinimumVisualStudioVersion = 10.0.40219.1
Project("{FAE04EC0-301F-11D3-BF4B-00C04F79EFBC}") = "TypeVisualiser", "TypeVisualiser\TypeVisualiser.csproj", "{FB347EEE-0099-4B90-BD75-61ED8DA92879}"
EndProject
Project("{FAE04EC0-301F-11D3-BF4B-00C04F79EFBC}") = "TypeVisualiserUnitTests", "TypeVisualiserUnitTests\TypeVisualiserUnitTests.csproj", "{E2DD3EB3-C416-4485-A79C-85E67839295F}"
EndProject
Project("{2150E333-8FDC-42A3-9474-1A3956D46DE8}") = "Solution Items", "Solution Items", "{B34F28CD-480E-4336-8F51-CA76E03A58A2}"
EndProject
Project("{FAE04EC0-301F-11D3-BF4B-00C04F79EFBC}") = "TypeVisualiserDemoTypes", "TypeVisualiserDemoTypes\TypeVisualiserDemoTypes.csproj", "{6712B601-9567-4CBA-9452-0C0F3FFAFF78}"
EndProject
Project("{9A19103F-16F7-4668-BE54-9A1E7A4F7556}") = "TypeVisualiser.Demo", "TypeVisualiser.Demo\TypeVisualiser.Demo.csproj", "{D994928A-3BFA-4EDC-B0F2-556098A56CD2}"
EndProject
Project("{9A19103F-16F7-4668-BE54-9A1E7A4F7556}") = "TypeVisualiser.WPF.Library", "TypeVisualiser.WPF.Library\TypeVisualiser.WPF.Library.csproj", "{7461078C-5375-40DE-ACDE-C0F7BCA62288}"
EndProject
Project("{9A19103F-16F7-4668-BE54-9A1E7A4F7556}") = "WPF.Library", "WPF.Library\WPF.Library.csproj", "{D3075B16-12CB-4C7D-A008-9FD701BE93DF}"
EndProject
Project("{9A19103F-16F7-4668-BE54-9A1E7A4F7556}") = "TypeVisualiser.ViewModels", "TypeVisualiser.ViewModel\TypeVisualiser.ViewModels.csproj", "{CE0D7A03-1F46-49F4-8F3E-9474CB234F7B}"
EndProject
Project("{9A19103F-16F7-4668-BE54-9A1E7A4F7556}") = "TypeVisualiser.Messaging", "TypeVisualiser.Messaging\TypeVisualiser.Messaging.csproj", "{0C34AFA2-CAE2-48D7-9E8B-8BC9373AEECB}"
EndProject
Project("{9A19103F-16F7-4668-BE54-9A1E7A4F7556}") = "TypeVisualiser.Models", "TypeVisualiser.Models\TypeVisualiser.Models.csproj", "{D29C02CE-9616-4245-A0CE-2A61A73C8E54}"
EndProject
Project("{9A19103F-16F7-4668-BE54-9A1E7A4F7556}") = "TypeVisualiser.WPF.Geometry", "TypeVisualiser.Geometry\TypeVisualiser.WPF.Geometry.csproj", "{5694ED2D-9960-4762-B3A6-4A0778391305}"
EndProject
Project("{9A19103F-16F7-4668-BE54-9A1E7A4F7556}") = "TypeVisualiser.Common", "TypeVisualiser.Common\TypeVisualiser.Common.csproj", "{342C7AE1-9027-4253-9946-73BA088C1F8A}"
EndProject
Project("{9A19103F-16F7-4668-BE54-9A1E7A4F7556}") = "TypeVisualiser.Messaging.WPF", "TypeVisualiser.Messaging.WPF\TypeVisualiser.Messaging.WPF.csproj", "{8BD62323-3405-461D-86F5-795F39EAFB46}"
EndProject
Project("{9A19103F-16F7-4668-BE54-9A1E7A4F7556}") = "TypeVisualiser.RecentFiles", "TypeVisualiser.RecentFiles\TypeVisualiser.RecentFiles.csproj", "{C80F9A83-88E2-4F6D-B228-22F247914D07}"
EndProject
Project("{9A19103F-16F7-4668-BE54-9A1E7A4F7556}") = "TypeVisualiser.ILAnalyser", "TypeVisualiser.ILAnalyser\TypeVisualiser.ILAnalyser.csproj", "{F64314AE-ACFB-4E8B-B790-AC1469E9EDCD}"
EndProject
Project("{9A19103F-16F7-4668-BE54-9A1E7A4F7556}") = "TypeVisualiser.Models.Persistence", "TypeVisualiser.Models.Persistence\TypeVisualiser.Models.Persistence.csproj", "{5ACA683F-2A3A-44CF-8E6C-E6D62AF01545}"
EndProject
Project("{9A19103F-16F7-4668-BE54-9A1E7A4F7556}") = "TypeVisualiser.WPF.Common", "TypeVisualiser.WPF.Common\TypeVisualiser.WPF.Common.csproj", "{EE706059-DDF6-4B5C-8BB0-F4DF57BCB05C}"
EndProject
Project("{9A19103F-16F7-4668-BE54-9A1E7A4F7556}") = "TypeVisualiser.Demo.Types", "TypeVisualiser.Demo.Types\TypeVisualiser.Demo.Types.csproj", "{A15146D2-D7CF-4F8B-AC76-EC6884168E31}"
EndProject
Project("{2150E333-8FDC-42A3-9474-1A3956D46DE8}") = "App", "App", "{18117E31-E5D4-4783-8328-3125F2CAFDB2}"
EndProject
Project("{FAE04EC0-301F-11D3-BF4B-00C04F79EFBC}") = "TypeVisualiser.Models.Persistence.Shared", "TypeVisualiser.Models.Persistence.Shared\TypeVisualiser.Models.Persistence.Shared.csproj", "{9170096B-C4DE-40AA-89FF-A4A91788DBB4}"
EndProject
Project("{FAE04EC0-301F-11D3-BF4B-00C04F79EFBC}") = "TypeVisualiser.Abstractions", "TypeVisualiser.Abstractions\TypeVisualiser.Abstractions.csproj", "{D5A893B9-2A39-4D9B-B945-CE75290CF656}"
EndProject
Global
	GlobalSection(SolutionConfigurationPlatforms) = preSolution
		Debug|Any CPU = Debug|Any CPU
		Debug|Mixed Platforms = Debug|Mixed Platforms
		Debug|x64 = Debug|x64
		Debug|x86 = Debug|x86
		Debug64|Any CPU = Debug64|Any CPU
		Debug64|Mixed Platforms = Debug64|Mixed Platforms
		Debug64|x64 = Debug64|x64
		Debug64|x86 = Debug64|x86
		Release|Any CPU = Release|Any CPU
		Release|Mixed Platforms = Release|Mixed Platforms
		Release|x64 = Release|x64
		Release|x86 = Release|x86
		Release64|Any CPU = Release64|Any CPU
		Release64|Mixed Platforms = Release64|Mixed Platforms
		Release64|x64 = Release64|x64
		Release64|x86 = Release64|x86
	EndGlobalSection
	GlobalSection(ProjectConfigurationPlatforms) = postSolution
		{FB347EEE-0099-4B90-BD75-61ED8DA92879}.Debug|Any CPU.ActiveCfg = Debug|x64
		{FB347EEE-0099-4B90-BD75-61ED8DA92879}.Debug|Any CPU.Build.0 = Debug|x64
		{FB347EEE-0099-4B90-BD75-61ED8DA92879}.Debug|Mixed Platforms.ActiveCfg = Debug|x64
		{FB347EEE-0099-4B90-BD75-61ED8DA92879}.Debug|Mixed Platforms.Build.0 = Debug|x64
		{FB347EEE-0099-4B90-BD75-61ED8DA92879}.Debug|x64.ActiveCfg = Debug|x64
		{FB347EEE-0099-4B90-BD75-61ED8DA92879}.Debug|x64.Build.0 = Debug|x64
		{FB347EEE-0099-4B90-BD75-61ED8DA92879}.Debug|x86.ActiveCfg = Debug|x86
		{FB347EEE-0099-4B90-BD75-61ED8DA92879}.Debug|x86.Build.0 = Debug|x86
		{FB347EEE-0099-4B90-BD75-61ED8DA92879}.Debug64|Any CPU.ActiveCfg = Debug|x64
		{FB347EEE-0099-4B90-BD75-61ED8DA92879}.Debug64|Any CPU.Build.0 = Debug|x64
		{FB347EEE-0099-4B90-BD75-61ED8DA92879}.Debug64|Mixed Platforms.ActiveCfg = Debug|x86
		{FB347EEE-0099-4B90-BD75-61ED8DA92879}.Debug64|Mixed Platforms.Build.0 = Debug|x86
		{FB347EEE-0099-4B90-BD75-61ED8DA92879}.Debug64|x64.ActiveCfg = Debug|x64
		{FB347EEE-0099-4B90-BD75-61ED8DA92879}.Debug64|x64.Build.0 = Debug|x64
		{FB347EEE-0099-4B90-BD75-61ED8DA92879}.Debug64|x86.ActiveCfg = Debug|x86
		{FB347EEE-0099-4B90-BD75-61ED8DA92879}.Debug64|x86.Build.0 = Debug|x86
		{FB347EEE-0099-4B90-BD75-61ED8DA92879}.Release|Any CPU.ActiveCfg = Release|x86
		{FB347EEE-0099-4B90-BD75-61ED8DA92879}.Release|Any CPU.Build.0 = Release|x86
		{FB347EEE-0099-4B90-BD75-61ED8DA92879}.Release|Mixed Platforms.ActiveCfg = Release|x86
		{FB347EEE-0099-4B90-BD75-61ED8DA92879}.Release|Mixed Platforms.Build.0 = Release|x86
		{FB347EEE-0099-4B90-BD75-61ED8DA92879}.Release|x64.ActiveCfg = Release|x86
		{FB347EEE-0099-4B90-BD75-61ED8DA92879}.Release|x64.Build.0 = Release|x86
		{FB347EEE-0099-4B90-BD75-61ED8DA92879}.Release|x86.ActiveCfg = Release|x86
		{FB347EEE-0099-4B90-BD75-61ED8DA92879}.Release|x86.Build.0 = Release|x86
		{FB347EEE-0099-4B90-BD75-61ED8DA92879}.Release64|Any CPU.ActiveCfg = Release|x86
		{FB347EEE-0099-4B90-BD75-61ED8DA92879}.Release64|Any CPU.Build.0 = Release|x86
		{FB347EEE-0099-4B90-BD75-61ED8DA92879}.Release64|Mixed Platforms.ActiveCfg = Release|x86
		{FB347EEE-0099-4B90-BD75-61ED8DA92879}.Release64|Mixed Platforms.Build.0 = Release|x86
		{FB347EEE-0099-4B90-BD75-61ED8DA92879}.Release64|x64.ActiveCfg = Release|x64
		{FB347EEE-0099-4B90-BD75-61ED8DA92879}.Release64|x64.Build.0 = Release|x64
		{FB347EEE-0099-4B90-BD75-61ED8DA92879}.Release64|x86.ActiveCfg = Release|x86
		{FB347EEE-0099-4B90-BD75-61ED8DA92879}.Release64|x86.Build.0 = Release|x86
		{E2DD3EB3-C416-4485-A79C-85E67839295F}.Debug|Any CPU.ActiveCfg = Debug|x64
		{E2DD3EB3-C416-4485-A79C-85E67839295F}.Debug|Any CPU.Build.0 = Debug|x64
		{E2DD3EB3-C416-4485-A79C-85E67839295F}.Debug|Mixed Platforms.ActiveCfg = Debug|x64
		{E2DD3EB3-C416-4485-A79C-85E67839295F}.Debug|Mixed Platforms.Build.0 = Debug|x64
		{E2DD3EB3-C416-4485-A79C-85E67839295F}.Debug|x64.ActiveCfg = Debug|x64
		{E2DD3EB3-C416-4485-A79C-85E67839295F}.Debug|x64.Build.0 = Debug|x64
		{E2DD3EB3-C416-4485-A79C-85E67839295F}.Debug|x86.ActiveCfg = Debug|Any CPU
		{E2DD3EB3-C416-4485-A79C-85E67839295F}.Debug|x86.Build.0 = Debug|Any CPU
		{E2DD3EB3-C416-4485-A79C-85E67839295F}.Debug64|Any CPU.ActiveCfg = Debug|x64
		{E2DD3EB3-C416-4485-A79C-85E67839295F}.Debug64|Any CPU.Build.0 = Debug|x64
		{E2DD3EB3-C416-4485-A79C-85E67839295F}.Debug64|Mixed Platforms.ActiveCfg = Debug|Any CPU
		{E2DD3EB3-C416-4485-A79C-85E67839295F}.Debug64|Mixed Platforms.Build.0 = Debug|Any CPU
		{E2DD3EB3-C416-4485-A79C-85E67839295F}.Debug64|x64.ActiveCfg = Debug|x64
		{E2DD3EB3-C416-4485-A79C-85E67839295F}.Debug64|x64.Build.0 = Debug|x64
		{E2DD3EB3-C416-4485-A79C-85E67839295F}.Debug64|x86.ActiveCfg = Debug|Any CPU
		{E2DD3EB3-C416-4485-A79C-85E67839295F}.Debug64|x86.Build.0 = Debug|Any CPU
		{E2DD3EB3-C416-4485-A79C-85E67839295F}.Release|Any CPU.ActiveCfg = Release|Any CPU
		{E2DD3EB3-C416-4485-A79C-85E67839295F}.Release|Any CPU.Build.0 = Release|Any CPU
		{E2DD3EB3-C416-4485-A79C-85E67839295F}.Release|Mixed Platforms.ActiveCfg = Release|Any CPU
		{E2DD3EB3-C416-4485-A79C-85E67839295F}.Release|Mixed Platforms.Build.0 = Release|Any CPU
		{E2DD3EB3-C416-4485-A79C-85E67839295F}.Release|x64.ActiveCfg = Release|Any CPU
		{E2DD3EB3-C416-4485-A79C-85E67839295F}.Release|x64.Build.0 = Release|Any CPU
		{E2DD3EB3-C416-4485-A79C-85E67839295F}.Release|x86.ActiveCfg = Release|Any CPU
		{E2DD3EB3-C416-4485-A79C-85E67839295F}.Release|x86.Build.0 = Release|Any CPU
		{E2DD3EB3-C416-4485-A79C-85E67839295F}.Release64|Any CPU.ActiveCfg = Release|Any CPU
		{E2DD3EB3-C416-4485-A79C-85E67839295F}.Release64|Any CPU.Build.0 = Release|Any CPU
		{E2DD3EB3-C416-4485-A79C-85E67839295F}.Release64|Mixed Platforms.ActiveCfg = Release|Any CPU
		{E2DD3EB3-C416-4485-A79C-85E67839295F}.Release64|Mixed Platforms.Build.0 = Release|Any CPU
		{E2DD3EB3-C416-4485-A79C-85E67839295F}.Release64|x64.ActiveCfg = Release|x64
		{E2DD3EB3-C416-4485-A79C-85E67839295F}.Release64|x64.Build.0 = Release|x64
		{E2DD3EB3-C416-4485-A79C-85E67839295F}.Release64|x86.ActiveCfg = Release|Any CPU
		{E2DD3EB3-C416-4485-A79C-85E67839295F}.Release64|x86.Build.0 = Release|Any CPU
		{6712B601-9567-4CBA-9452-0C0F3FFAFF78}.Debug|Any CPU.ActiveCfg = Debug|x64
		{6712B601-9567-4CBA-9452-0C0F3FFAFF78}.Debug|Any CPU.Build.0 = Debug|x64
		{6712B601-9567-4CBA-9452-0C0F3FFAFF78}.Debug|Mixed Platforms.ActiveCfg = Debug|x64
		{6712B601-9567-4CBA-9452-0C0F3FFAFF78}.Debug|Mixed Platforms.Build.0 = Debug|x64
		{6712B601-9567-4CBA-9452-0C0F3FFAFF78}.Debug|x64.ActiveCfg = Debug|x64
		{6712B601-9567-4CBA-9452-0C0F3FFAFF78}.Debug|x64.Build.0 = Debug|x64
		{6712B601-9567-4CBA-9452-0C0F3FFAFF78}.Debug|x86.ActiveCfg = Debug|Any CPU
		{6712B601-9567-4CBA-9452-0C0F3FFAFF78}.Debug|x86.Build.0 = Debug|Any CPU
		{6712B601-9567-4CBA-9452-0C0F3FFAFF78}.Debug64|Any CPU.ActiveCfg = Debug|x64
		{6712B601-9567-4CBA-9452-0C0F3FFAFF78}.Debug64|Any CPU.Build.0 = Debug|x64
		{6712B601-9567-4CBA-9452-0C0F3FFAFF78}.Debug64|Mixed Platforms.ActiveCfg = Debug|Any CPU
		{6712B601-9567-4CBA-9452-0C0F3FFAFF78}.Debug64|Mixed Platforms.Build.0 = Debug|Any CPU
		{6712B601-9567-4CBA-9452-0C0F3FFAFF78}.Debug64|x64.ActiveCfg = Debug|x64
		{6712B601-9567-4CBA-9452-0C0F3FFAFF78}.Debug64|x64.Build.0 = Debug|x64
		{6712B601-9567-4CBA-9452-0C0F3FFAFF78}.Debug64|x86.ActiveCfg = Debug|Any CPU
		{6712B601-9567-4CBA-9452-0C0F3FFAFF78}.Debug64|x86.Build.0 = Debug|Any CPU
		{6712B601-9567-4CBA-9452-0C0F3FFAFF78}.Release|Any CPU.ActiveCfg = Release|Any CPU
		{6712B601-9567-4CBA-9452-0C0F3FFAFF78}.Release|Any CPU.Build.0 = Release|Any CPU
		{6712B601-9567-4CBA-9452-0C0F3FFAFF78}.Release|Mixed Platforms.ActiveCfg = Release|Any CPU
		{6712B601-9567-4CBA-9452-0C0F3FFAFF78}.Release|Mixed Platforms.Build.0 = Release|Any CPU
		{6712B601-9567-4CBA-9452-0C0F3FFAFF78}.Release|x64.ActiveCfg = Release|Any CPU
		{6712B601-9567-4CBA-9452-0C0F3FFAFF78}.Release|x64.Build.0 = Release|Any CPU
		{6712B601-9567-4CBA-9452-0C0F3FFAFF78}.Release|x86.ActiveCfg = Release|Any CPU
		{6712B601-9567-4CBA-9452-0C0F3FFAFF78}.Release|x86.Build.0 = Release|Any CPU
		{6712B601-9567-4CBA-9452-0C0F3FFAFF78}.Release64|Any CPU.ActiveCfg = Release|Any CPU
		{6712B601-9567-4CBA-9452-0C0F3FFAFF78}.Release64|Any CPU.Build.0 = Release|Any CPU
		{6712B601-9567-4CBA-9452-0C0F3FFAFF78}.Release64|Mixed Platforms.ActiveCfg = Release|Any CPU
		{6712B601-9567-4CBA-9452-0C0F3FFAFF78}.Release64|Mixed Platforms.Build.0 = Release|Any CPU
		{6712B601-9567-4CBA-9452-0C0F3FFAFF78}.Release64|x64.ActiveCfg = Release|x64
		{6712B601-9567-4CBA-9452-0C0F3FFAFF78}.Release64|x64.Build.0 = Release|x64
		{6712B601-9567-4CBA-9452-0C0F3FFAFF78}.Release64|x86.ActiveCfg = Release|Any CPU
		{6712B601-9567-4CBA-9452-0C0F3FFAFF78}.Release64|x86.Build.0 = Release|Any CPU
		{D994928A-3BFA-4EDC-B0F2-556098A56CD2}.Debug|Any CPU.ActiveCfg = Debug|Any CPU
		{D994928A-3BFA-4EDC-B0F2-556098A56CD2}.Debug|Any CPU.Build.0 = Debug|Any CPU
		{D994928A-3BFA-4EDC-B0F2-556098A56CD2}.Debug|Mixed Platforms.ActiveCfg = Debug|Any CPU
		{D994928A-3BFA-4EDC-B0F2-556098A56CD2}.Debug|Mixed Platforms.Build.0 = Debug|Any CPU
		{D994928A-3BFA-4EDC-B0F2-556098A56CD2}.Debug|x64.ActiveCfg = Debug|Any CPU
		{D994928A-3BFA-4EDC-B0F2-556098A56CD2}.Debug|x64.Build.0 = Debug|Any CPU
		{D994928A-3BFA-4EDC-B0F2-556098A56CD2}.Debug|x86.ActiveCfg = Debug|Any CPU
		{D994928A-3BFA-4EDC-B0F2-556098A56CD2}.Debug|x86.Build.0 = Debug|Any CPU
		{D994928A-3BFA-4EDC-B0F2-556098A56CD2}.Debug64|Any CPU.ActiveCfg = Debug|Any CPU
		{D994928A-3BFA-4EDC-B0F2-556098A56CD2}.Debug64|Any CPU.Build.0 = Debug|Any CPU
		{D994928A-3BFA-4EDC-B0F2-556098A56CD2}.Debug64|Mixed Platforms.ActiveCfg = Debug|Any CPU
		{D994928A-3BFA-4EDC-B0F2-556098A56CD2}.Debug64|Mixed Platforms.Build.0 = Debug|Any CPU
		{D994928A-3BFA-4EDC-B0F2-556098A56CD2}.Debug64|x64.ActiveCfg = Debug|Any CPU
		{D994928A-3BFA-4EDC-B0F2-556098A56CD2}.Debug64|x64.Build.0 = Debug|Any CPU
		{D994928A-3BFA-4EDC-B0F2-556098A56CD2}.Debug64|x86.ActiveCfg = Debug|Any CPU
		{D994928A-3BFA-4EDC-B0F2-556098A56CD2}.Debug64|x86.Build.0 = Debug|Any CPU
		{D994928A-3BFA-4EDC-B0F2-556098A56CD2}.Release|Any CPU.ActiveCfg = Release|Any CPU
		{D994928A-3BFA-4EDC-B0F2-556098A56CD2}.Release|Any CPU.Build.0 = Release|Any CPU
		{D994928A-3BFA-4EDC-B0F2-556098A56CD2}.Release|Mixed Platforms.ActiveCfg = Release|Any CPU
		{D994928A-3BFA-4EDC-B0F2-556098A56CD2}.Release|Mixed Platforms.Build.0 = Release|Any CPU
		{D994928A-3BFA-4EDC-B0F2-556098A56CD2}.Release|x64.ActiveCfg = Release|Any CPU
		{D994928A-3BFA-4EDC-B0F2-556098A56CD2}.Release|x64.Build.0 = Release|Any CPU
		{D994928A-3BFA-4EDC-B0F2-556098A56CD2}.Release|x86.ActiveCfg = Release|Any CPU
		{D994928A-3BFA-4EDC-B0F2-556098A56CD2}.Release|x86.Build.0 = Release|Any CPU
		{D994928A-3BFA-4EDC-B0F2-556098A56CD2}.Release64|Any CPU.ActiveCfg = Release|Any CPU
		{D994928A-3BFA-4EDC-B0F2-556098A56CD2}.Release64|Any CPU.Build.0 = Release|Any CPU
		{D994928A-3BFA-4EDC-B0F2-556098A56CD2}.Release64|Mixed Platforms.ActiveCfg = Release|Any CPU
		{D994928A-3BFA-4EDC-B0F2-556098A56CD2}.Release64|Mixed Platforms.Build.0 = Release|Any CPU
		{D994928A-3BFA-4EDC-B0F2-556098A56CD2}.Release64|x64.ActiveCfg = Release|Any CPU
		{D994928A-3BFA-4EDC-B0F2-556098A56CD2}.Release64|x64.Build.0 = Release|Any CPU
		{D994928A-3BFA-4EDC-B0F2-556098A56CD2}.Release64|x86.ActiveCfg = Release|Any CPU
		{D994928A-3BFA-4EDC-B0F2-556098A56CD2}.Release64|x86.Build.0 = Release|Any CPU
		{7461078C-5375-40DE-ACDE-C0F7BCA62288}.Debug|Any CPU.ActiveCfg = Debug|Any CPU
		{7461078C-5375-40DE-ACDE-C0F7BCA62288}.Debug|Any CPU.Build.0 = Debug|Any CPU
		{7461078C-5375-40DE-ACDE-C0F7BCA62288}.Debug|Mixed Platforms.ActiveCfg = Debug|Any CPU
		{7461078C-5375-40DE-ACDE-C0F7BCA62288}.Debug|Mixed Platforms.Build.0 = Debug|Any CPU
		{7461078C-5375-40DE-ACDE-C0F7BCA62288}.Debug|x64.ActiveCfg = Debug|Any CPU
		{7461078C-5375-40DE-ACDE-C0F7BCA62288}.Debug|x64.Build.0 = Debug|Any CPU
		{7461078C-5375-40DE-ACDE-C0F7BCA62288}.Debug|x86.ActiveCfg = Debug|Any CPU
		{7461078C-5375-40DE-ACDE-C0F7BCA62288}.Debug|x86.Build.0 = Debug|Any CPU
		{7461078C-5375-40DE-ACDE-C0F7BCA62288}.Debug64|Any CPU.ActiveCfg = Debug|Any CPU
		{7461078C-5375-40DE-ACDE-C0F7BCA62288}.Debug64|Any CPU.Build.0 = Debug|Any CPU
		{7461078C-5375-40DE-ACDE-C0F7BCA62288}.Debug64|Mixed Platforms.ActiveCfg = Debug|Any CPU
		{7461078C-5375-40DE-ACDE-C0F7BCA62288}.Debug64|Mixed Platforms.Build.0 = Debug|Any CPU
		{7461078C-5375-40DE-ACDE-C0F7BCA62288}.Debug64|x64.ActiveCfg = Debug|Any CPU
		{7461078C-5375-40DE-ACDE-C0F7BCA62288}.Debug64|x64.Build.0 = Debug|Any CPU
		{7461078C-5375-40DE-ACDE-C0F7BCA62288}.Debug64|x86.ActiveCfg = Debug|Any CPU
		{7461078C-5375-40DE-ACDE-C0F7BCA62288}.Debug64|x86.Build.0 = Debug|Any CPU
		{7461078C-5375-40DE-ACDE-C0F7BCA62288}.Release|Any CPU.ActiveCfg = Release|Any CPU
		{7461078C-5375-40DE-ACDE-C0F7BCA62288}.Release|Any CPU.Build.0 = Release|Any CPU
		{7461078C-5375-40DE-ACDE-C0F7BCA62288}.Release|Mixed Platforms.ActiveCfg = Release|Any CPU
		{7461078C-5375-40DE-ACDE-C0F7BCA62288}.Release|Mixed Platforms.Build.0 = Release|Any CPU
		{7461078C-5375-40DE-ACDE-C0F7BCA62288}.Release|x64.ActiveCfg = Release|Any CPU
		{7461078C-5375-40DE-ACDE-C0F7BCA62288}.Release|x64.Build.0 = Release|Any CPU
		{7461078C-5375-40DE-ACDE-C0F7BCA62288}.Release|x86.ActiveCfg = Release|Any CPU
		{7461078C-5375-40DE-ACDE-C0F7BCA62288}.Release|x86.Build.0 = Release|Any CPU
		{7461078C-5375-40DE-ACDE-C0F7BCA62288}.Release64|Any CPU.ActiveCfg = Release|Any CPU
		{7461078C-5375-40DE-ACDE-C0F7BCA62288}.Release64|Any CPU.Build.0 = Release|Any CPU
		{7461078C-5375-40DE-ACDE-C0F7BCA62288}.Release64|Mixed Platforms.ActiveCfg = Release|Any CPU
		{7461078C-5375-40DE-ACDE-C0F7BCA62288}.Release64|Mixed Platforms.Build.0 = Release|Any CPU
		{7461078C-5375-40DE-ACDE-C0F7BCA62288}.Release64|x64.ActiveCfg = Release|Any CPU
		{7461078C-5375-40DE-ACDE-C0F7BCA62288}.Release64|x64.Build.0 = Release|Any CPU
		{7461078C-5375-40DE-ACDE-C0F7BCA62288}.Release64|x86.ActiveCfg = Release|Any CPU
		{7461078C-5375-40DE-ACDE-C0F7BCA62288}.Release64|x86.Build.0 = Release|Any CPU
		{D3075B16-12CB-4C7D-A008-9FD701BE93DF}.Debug|Any CPU.ActiveCfg = Debug|Any CPU
		{D3075B16-12CB-4C7D-A008-9FD701BE93DF}.Debug|Any CPU.Build.0 = Debug|Any CPU
		{D3075B16-12CB-4C7D-A008-9FD701BE93DF}.Debug|Mixed Platforms.ActiveCfg = Debug|Any CPU
		{D3075B16-12CB-4C7D-A008-9FD701BE93DF}.Debug|Mixed Platforms.Build.0 = Debug|Any CPU
		{D3075B16-12CB-4C7D-A008-9FD701BE93DF}.Debug|x64.ActiveCfg = Debug|Any CPU
		{D3075B16-12CB-4C7D-A008-9FD701BE93DF}.Debug|x64.Build.0 = Debug|Any CPU
		{D3075B16-12CB-4C7D-A008-9FD701BE93DF}.Debug|x86.ActiveCfg = Debug|Any CPU
		{D3075B16-12CB-4C7D-A008-9FD701BE93DF}.Debug|x86.Build.0 = Debug|Any CPU
		{D3075B16-12CB-4C7D-A008-9FD701BE93DF}.Debug64|Any CPU.ActiveCfg = Debug|Any CPU
		{D3075B16-12CB-4C7D-A008-9FD701BE93DF}.Debug64|Any CPU.Build.0 = Debug|Any CPU
		{D3075B16-12CB-4C7D-A008-9FD701BE93DF}.Debug64|Mixed Platforms.ActiveCfg = Debug|Any CPU
		{D3075B16-12CB-4C7D-A008-9FD701BE93DF}.Debug64|Mixed Platforms.Build.0 = Debug|Any CPU
		{D3075B16-12CB-4C7D-A008-9FD701BE93DF}.Debug64|x64.ActiveCfg = Debug|Any CPU
		{D3075B16-12CB-4C7D-A008-9FD701BE93DF}.Debug64|x64.Build.0 = Debug|Any CPU
		{D3075B16-12CB-4C7D-A008-9FD701BE93DF}.Debug64|x86.ActiveCfg = Debug|Any CPU
		{D3075B16-12CB-4C7D-A008-9FD701BE93DF}.Debug64|x86.Build.0 = Debug|Any CPU
		{D3075B16-12CB-4C7D-A008-9FD701BE93DF}.Release|Any CPU.ActiveCfg = Release|Any CPU
		{D3075B16-12CB-4C7D-A008-9FD701BE93DF}.Release|Any CPU.Build.0 = Release|Any CPU
		{D3075B16-12CB-4C7D-A008-9FD701BE93DF}.Release|Mixed Platforms.ActiveCfg = Release|Any CPU
		{D3075B16-12CB-4C7D-A008-9FD701BE93DF}.Release|Mixed Platforms.Build.0 = Release|Any CPU
		{D3075B16-12CB-4C7D-A008-9FD701BE93DF}.Release|x64.ActiveCfg = Release|Any CPU
		{D3075B16-12CB-4C7D-A008-9FD701BE93DF}.Release|x64.Build.0 = Release|Any CPU
		{D3075B16-12CB-4C7D-A008-9FD701BE93DF}.Release|x86.ActiveCfg = Release|Any CPU
		{D3075B16-12CB-4C7D-A008-9FD701BE93DF}.Release|x86.Build.0 = Release|Any CPU
		{D3075B16-12CB-4C7D-A008-9FD701BE93DF}.Release64|Any CPU.ActiveCfg = Release|Any CPU
		{D3075B16-12CB-4C7D-A008-9FD701BE93DF}.Release64|Any CPU.Build.0 = Release|Any CPU
		{D3075B16-12CB-4C7D-A008-9FD701BE93DF}.Release64|Mixed Platforms.ActiveCfg = Release|Any CPU
		{D3075B16-12CB-4C7D-A008-9FD701BE93DF}.Release64|Mixed Platforms.Build.0 = Release|Any CPU
		{D3075B16-12CB-4C7D-A008-9FD701BE93DF}.Release64|x64.ActiveCfg = Release|Any CPU
		{D3075B16-12CB-4C7D-A008-9FD701BE93DF}.Release64|x64.Build.0 = Release|Any CPU
		{D3075B16-12CB-4C7D-A008-9FD701BE93DF}.Release64|x86.ActiveCfg = Release|Any CPU
		{D3075B16-12CB-4C7D-A008-9FD701BE93DF}.Release64|x86.Build.0 = Release|Any CPU
		{CE0D7A03-1F46-49F4-8F3E-9474CB234F7B}.Debug|Any CPU.ActiveCfg = Debug|Any CPU
		{CE0D7A03-1F46-49F4-8F3E-9474CB234F7B}.Debug|Any CPU.Build.0 = Debug|Any CPU
		{CE0D7A03-1F46-49F4-8F3E-9474CB234F7B}.Debug|Mixed Platforms.ActiveCfg = Debug|Any CPU
		{CE0D7A03-1F46-49F4-8F3E-9474CB234F7B}.Debug|Mixed Platforms.Build.0 = Debug|Any CPU
		{CE0D7A03-1F46-49F4-8F3E-9474CB234F7B}.Debug|x64.ActiveCfg = Debug|Any CPU
		{CE0D7A03-1F46-49F4-8F3E-9474CB234F7B}.Debug|x64.Build.0 = Debug|Any CPU
		{CE0D7A03-1F46-49F4-8F3E-9474CB234F7B}.Debug|x86.ActiveCfg = Debug|Any CPU
		{CE0D7A03-1F46-49F4-8F3E-9474CB234F7B}.Debug|x86.Build.0 = Debug|Any CPU
		{CE0D7A03-1F46-49F4-8F3E-9474CB234F7B}.Debug64|Any CPU.ActiveCfg = Debug|Any CPU
		{CE0D7A03-1F46-49F4-8F3E-9474CB234F7B}.Debug64|Any CPU.Build.0 = Debug|Any CPU
		{CE0D7A03-1F46-49F4-8F3E-9474CB234F7B}.Debug64|Mixed Platforms.ActiveCfg = Debug|Any CPU
		{CE0D7A03-1F46-49F4-8F3E-9474CB234F7B}.Debug64|Mixed Platforms.Build.0 = Debug|Any CPU
		{CE0D7A03-1F46-49F4-8F3E-9474CB234F7B}.Debug64|x64.ActiveCfg = Debug|Any CPU
		{CE0D7A03-1F46-49F4-8F3E-9474CB234F7B}.Debug64|x64.Build.0 = Debug|Any CPU
		{CE0D7A03-1F46-49F4-8F3E-9474CB234F7B}.Debug64|x86.ActiveCfg = Debug|Any CPU
		{CE0D7A03-1F46-49F4-8F3E-9474CB234F7B}.Debug64|x86.Build.0 = Debug|Any CPU
		{CE0D7A03-1F46-49F4-8F3E-9474CB234F7B}.Release|Any CPU.ActiveCfg = Release|Any CPU
		{CE0D7A03-1F46-49F4-8F3E-9474CB234F7B}.Release|Any CPU.Build.0 = Release|Any CPU
		{CE0D7A03-1F46-49F4-8F3E-9474CB234F7B}.Release|Mixed Platforms.ActiveCfg = Release|Any CPU
		{CE0D7A03-1F46-49F4-8F3E-9474CB234F7B}.Release|Mixed Platforms.Build.0 = Release|Any CPU
		{CE0D7A03-1F46-49F4-8F3E-9474CB234F7B}.Release|x64.ActiveCfg = Release|Any CPU
		{CE0D7A03-1F46-49F4-8F3E-9474CB234F7B}.Release|x64.Build.0 = Release|Any CPU
		{CE0D7A03-1F46-49F4-8F3E-9474CB234F7B}.Release|x86.ActiveCfg = Release|Any CPU
		{CE0D7A03-1F46-49F4-8F3E-9474CB234F7B}.Release|x86.Build.0 = Release|Any CPU
		{CE0D7A03-1F46-49F4-8F3E-9474CB234F7B}.Release64|Any CPU.ActiveCfg = Release|Any CPU
		{CE0D7A03-1F46-49F4-8F3E-9474CB234F7B}.Release64|Any CPU.Build.0 = Release|Any CPU
		{CE0D7A03-1F46-49F4-8F3E-9474CB234F7B}.Release64|Mixed Platforms.ActiveCfg = Release|Any CPU
		{CE0D7A03-1F46-49F4-8F3E-9474CB234F7B}.Release64|Mixed Platforms.Build.0 = Release|Any CPU
		{CE0D7A03-1F46-49F4-8F3E-9474CB234F7B}.Release64|x64.ActiveCfg = Release|Any CPU
		{CE0D7A03-1F46-49F4-8F3E-9474CB234F7B}.Release64|x64.Build.0 = Release|Any CPU
		{CE0D7A03-1F46-49F4-8F3E-9474CB234F7B}.Release64|x86.ActiveCfg = Release|Any CPU
		{CE0D7A03-1F46-49F4-8F3E-9474CB234F7B}.Release64|x86.Build.0 = Release|Any CPU
		{0C34AFA2-CAE2-48D7-9E8B-8BC9373AEECB}.Debug|Any CPU.ActiveCfg = Debug|Any CPU
		{0C34AFA2-CAE2-48D7-9E8B-8BC9373AEECB}.Debug|Any CPU.Build.0 = Debug|Any CPU
		{0C34AFA2-CAE2-48D7-9E8B-8BC9373AEECB}.Debug|Mixed Platforms.ActiveCfg = Debug|Any CPU
		{0C34AFA2-CAE2-48D7-9E8B-8BC9373AEECB}.Debug|Mixed Platforms.Build.0 = Debug|Any CPU
		{0C34AFA2-CAE2-48D7-9E8B-8BC9373AEECB}.Debug|x64.ActiveCfg = Debug|Any CPU
		{0C34AFA2-CAE2-48D7-9E8B-8BC9373AEECB}.Debug|x64.Build.0 = Debug|Any CPU
		{0C34AFA2-CAE2-48D7-9E8B-8BC9373AEECB}.Debug|x86.ActiveCfg = Debug|Any CPU
		{0C34AFA2-CAE2-48D7-9E8B-8BC9373AEECB}.Debug|x86.Build.0 = Debug|Any CPU
		{0C34AFA2-CAE2-48D7-9E8B-8BC9373AEECB}.Debug64|Any CPU.ActiveCfg = Debug|Any CPU
		{0C34AFA2-CAE2-48D7-9E8B-8BC9373AEECB}.Debug64|Any CPU.Build.0 = Debug|Any CPU
		{0C34AFA2-CAE2-48D7-9E8B-8BC9373AEECB}.Debug64|Mixed Platforms.ActiveCfg = Debug|Any CPU
		{0C34AFA2-CAE2-48D7-9E8B-8BC9373AEECB}.Debug64|Mixed Platforms.Build.0 = Debug|Any CPU
		{0C34AFA2-CAE2-48D7-9E8B-8BC9373AEECB}.Debug64|x64.ActiveCfg = Debug|Any CPU
		{0C34AFA2-CAE2-48D7-9E8B-8BC9373AEECB}.Debug64|x64.Build.0 = Debug|Any CPU
		{0C34AFA2-CAE2-48D7-9E8B-8BC9373AEECB}.Debug64|x86.ActiveCfg = Debug|Any CPU
		{0C34AFA2-CAE2-48D7-9E8B-8BC9373AEECB}.Debug64|x86.Build.0 = Debug|Any CPU
		{0C34AFA2-CAE2-48D7-9E8B-8BC9373AEECB}.Release|Any CPU.ActiveCfg = Release|Any CPU
		{0C34AFA2-CAE2-48D7-9E8B-8BC9373AEECB}.Release|Any CPU.Build.0 = Release|Any CPU
		{0C34AFA2-CAE2-48D7-9E8B-8BC9373AEECB}.Release|Mixed Platforms.ActiveCfg = Release|Any CPU
		{0C34AFA2-CAE2-48D7-9E8B-8BC9373AEECB}.Release|Mixed Platforms.Build.0 = Release|Any CPU
		{0C34AFA2-CAE2-48D7-9E8B-8BC9373AEECB}.Release|x64.ActiveCfg = Release|Any CPU
		{0C34AFA2-CAE2-48D7-9E8B-8BC9373AEECB}.Release|x64.Build.0 = Release|Any CPU
		{0C34AFA2-CAE2-48D7-9E8B-8BC9373AEECB}.Release|x86.ActiveCfg = Release|Any CPU
		{0C34AFA2-CAE2-48D7-9E8B-8BC9373AEECB}.Release|x86.Build.0 = Release|Any CPU
		{0C34AFA2-CAE2-48D7-9E8B-8BC9373AEECB}.Release64|Any CPU.ActiveCfg = Release|Any CPU
		{0C34AFA2-CAE2-48D7-9E8B-8BC9373AEECB}.Release64|Any CPU.Build.0 = Release|Any CPU
		{0C34AFA2-CAE2-48D7-9E8B-8BC9373AEECB}.Release64|Mixed Platforms.ActiveCfg = Release|Any CPU
		{0C34AFA2-CAE2-48D7-9E8B-8BC9373AEECB}.Release64|Mixed Platforms.Build.0 = Release|Any CPU
		{0C34AFA2-CAE2-48D7-9E8B-8BC9373AEECB}.Release64|x64.ActiveCfg = Release|Any CPU
		{0C34AFA2-CAE2-48D7-9E8B-8BC9373AEECB}.Release64|x64.Build.0 = Release|Any CPU
		{0C34AFA2-CAE2-48D7-9E8B-8BC9373AEECB}.Release64|x86.ActiveCfg = Release|Any CPU
		{0C34AFA2-CAE2-48D7-9E8B-8BC9373AEECB}.Release64|x86.Build.0 = Release|Any CPU
		{D29C02CE-9616-4245-A0CE-2A61A73C8E54}.Debug|Any CPU.ActiveCfg = Debug|Any CPU
		{D29C02CE-9616-4245-A0CE-2A61A73C8E54}.Debug|Any CPU.Build.0 = Debug|Any CPU
		{D29C02CE-9616-4245-A0CE-2A61A73C8E54}.Debug|Mixed Platforms.ActiveCfg = Debug|Any CPU
		{D29C02CE-9616-4245-A0CE-2A61A73C8E54}.Debug|Mixed Platforms.Build.0 = Debug|Any CPU
		{D29C02CE-9616-4245-A0CE-2A61A73C8E54}.Debug|x64.ActiveCfg = Debug|Any CPU
		{D29C02CE-9616-4245-A0CE-2A61A73C8E54}.Debug|x64.Build.0 = Debug|Any CPU
		{D29C02CE-9616-4245-A0CE-2A61A73C8E54}.Debug|x86.ActiveCfg = Debug|Any CPU
		{D29C02CE-9616-4245-A0CE-2A61A73C8E54}.Debug|x86.Build.0 = Debug|Any CPU
		{D29C02CE-9616-4245-A0CE-2A61A73C8E54}.Debug64|Any CPU.ActiveCfg = Debug|Any CPU
		{D29C02CE-9616-4245-A0CE-2A61A73C8E54}.Debug64|Any CPU.Build.0 = Debug|Any CPU
		{D29C02CE-9616-4245-A0CE-2A61A73C8E54}.Debug64|Mixed Platforms.ActiveCfg = Debug|Any CPU
		{D29C02CE-9616-4245-A0CE-2A61A73C8E54}.Debug64|Mixed Platforms.Build.0 = Debug|Any CPU
		{D29C02CE-9616-4245-A0CE-2A61A73C8E54}.Debug64|x64.ActiveCfg = Debug|Any CPU
		{D29C02CE-9616-4245-A0CE-2A61A73C8E54}.Debug64|x64.Build.0 = Debug|Any CPU
		{D29C02CE-9616-4245-A0CE-2A61A73C8E54}.Debug64|x86.ActiveCfg = Debug|Any CPU
		{D29C02CE-9616-4245-A0CE-2A61A73C8E54}.Debug64|x86.Build.0 = Debug|Any CPU
		{D29C02CE-9616-4245-A0CE-2A61A73C8E54}.Release|Any CPU.ActiveCfg = Release|Any CPU
		{D29C02CE-9616-4245-A0CE-2A61A73C8E54}.Release|Any CPU.Build.0 = Release|Any CPU
		{D29C02CE-9616-4245-A0CE-2A61A73C8E54}.Release|Mixed Platforms.ActiveCfg = Release|Any CPU
		{D29C02CE-9616-4245-A0CE-2A61A73C8E54}.Release|Mixed Platforms.Build.0 = Release|Any CPU
		{D29C02CE-9616-4245-A0CE-2A61A73C8E54}.Release|x64.ActiveCfg = Release|Any CPU
		{D29C02CE-9616-4245-A0CE-2A61A73C8E54}.Release|x64.Build.0 = Release|Any CPU
		{D29C02CE-9616-4245-A0CE-2A61A73C8E54}.Release|x86.ActiveCfg = Release|Any CPU
		{D29C02CE-9616-4245-A0CE-2A61A73C8E54}.Release|x86.Build.0 = Release|Any CPU
		{D29C02CE-9616-4245-A0CE-2A61A73C8E54}.Release64|Any CPU.ActiveCfg = Release|Any CPU
		{D29C02CE-9616-4245-A0CE-2A61A73C8E54}.Release64|Any CPU.Build.0 = Release|Any CPU
		{D29C02CE-9616-4245-A0CE-2A61A73C8E54}.Release64|Mixed Platforms.ActiveCfg = Release|Any CPU
		{D29C02CE-9616-4245-A0CE-2A61A73C8E54}.Release64|Mixed Platforms.Build.0 = Release|Any CPU
		{D29C02CE-9616-4245-A0CE-2A61A73C8E54}.Release64|x64.ActiveCfg = Release|Any CPU
		{D29C02CE-9616-4245-A0CE-2A61A73C8E54}.Release64|x64.Build.0 = Release|Any CPU
		{D29C02CE-9616-4245-A0CE-2A61A73C8E54}.Release64|x86.ActiveCfg = Release|Any CPU
		{D29C02CE-9616-4245-A0CE-2A61A73C8E54}.Release64|x86.Build.0 = Release|Any CPU
		{5694ED2D-9960-4762-B3A6-4A0778391305}.Debug|Any CPU.ActiveCfg = Debug|Any CPU
		{5694ED2D-9960-4762-B3A6-4A0778391305}.Debug|Any CPU.Build.0 = Debug|Any CPU
		{5694ED2D-9960-4762-B3A6-4A0778391305}.Debug|Mixed Platforms.ActiveCfg = Debug|Any CPU
		{5694ED2D-9960-4762-B3A6-4A0778391305}.Debug|Mixed Platforms.Build.0 = Debug|Any CPU
		{5694ED2D-9960-4762-B3A6-4A0778391305}.Debug|x64.ActiveCfg = Debug|Any CPU
		{5694ED2D-9960-4762-B3A6-4A0778391305}.Debug|x64.Build.0 = Debug|Any CPU
		{5694ED2D-9960-4762-B3A6-4A0778391305}.Debug|x86.ActiveCfg = Debug|Any CPU
		{5694ED2D-9960-4762-B3A6-4A0778391305}.Debug|x86.Build.0 = Debug|Any CPU
		{5694ED2D-9960-4762-B3A6-4A0778391305}.Debug64|Any CPU.ActiveCfg = Debug|Any CPU
		{5694ED2D-9960-4762-B3A6-4A0778391305}.Debug64|Any CPU.Build.0 = Debug|Any CPU
		{5694ED2D-9960-4762-B3A6-4A0778391305}.Debug64|Mixed Platforms.ActiveCfg = Debug|Any CPU
		{5694ED2D-9960-4762-B3A6-4A0778391305}.Debug64|Mixed Platforms.Build.0 = Debug|Any CPU
		{5694ED2D-9960-4762-B3A6-4A0778391305}.Debug64|x64.ActiveCfg = Debug|Any CPU
		{5694ED2D-9960-4762-B3A6-4A0778391305}.Debug64|x64.Build.0 = Debug|Any CPU
		{5694ED2D-9960-4762-B3A6-4A0778391305}.Debug64|x86.ActiveCfg = Debug|Any CPU
		{5694ED2D-9960-4762-B3A6-4A0778391305}.Debug64|x86.Build.0 = Debug|Any CPU
		{5694ED2D-9960-4762-B3A6-4A0778391305}.Release|Any CPU.ActiveCfg = Release|Any CPU
		{5694ED2D-9960-4762-B3A6-4A0778391305}.Release|Any CPU.Build.0 = Release|Any CPU
		{5694ED2D-9960-4762-B3A6-4A0778391305}.Release|Mixed Platforms.ActiveCfg = Release|Any CPU
		{5694ED2D-9960-4762-B3A6-4A0778391305}.Release|Mixed Platforms.Build.0 = Release|Any CPU
		{5694ED2D-9960-4762-B3A6-4A0778391305}.Release|x64.ActiveCfg = Release|Any CPU
		{5694ED2D-9960-4762-B3A6-4A0778391305}.Release|x64.Build.0 = Release|Any CPU
		{5694ED2D-9960-4762-B3A6-4A0778391305}.Release|x86.ActiveCfg = Release|Any CPU
		{5694ED2D-9960-4762-B3A6-4A0778391305}.Release|x86.Build.0 = Release|Any CPU
		{5694ED2D-9960-4762-B3A6-4A0778391305}.Release64|Any CPU.ActiveCfg = Release|Any CPU
		{5694ED2D-9960-4762-B3A6-4A0778391305}.Release64|Any CPU.Build.0 = Release|Any CPU
		{5694ED2D-9960-4762-B3A6-4A0778391305}.Release64|Mixed Platforms.ActiveCfg = Release|Any CPU
		{5694ED2D-9960-4762-B3A6-4A0778391305}.Release64|Mixed Platforms.Build.0 = Release|Any CPU
		{5694ED2D-9960-4762-B3A6-4A0778391305}.Release64|x64.ActiveCfg = Release|Any CPU
		{5694ED2D-9960-4762-B3A6-4A0778391305}.Release64|x64.Build.0 = Release|Any CPU
		{5694ED2D-9960-4762-B3A6-4A0778391305}.Release64|x86.ActiveCfg = Release|Any CPU
		{5694ED2D-9960-4762-B3A6-4A0778391305}.Release64|x86.Build.0 = Release|Any CPU
		{342C7AE1-9027-4253-9946-73BA088C1F8A}.Debug|Any CPU.ActiveCfg = Debug|Any CPU
		{342C7AE1-9027-4253-9946-73BA088C1F8A}.Debug|Any CPU.Build.0 = Debug|Any CPU
		{342C7AE1-9027-4253-9946-73BA088C1F8A}.Debug|Mixed Platforms.ActiveCfg = Debug|Any CPU
		{342C7AE1-9027-4253-9946-73BA088C1F8A}.Debug|Mixed Platforms.Build.0 = Debug|Any CPU
		{342C7AE1-9027-4253-9946-73BA088C1F8A}.Debug|x64.ActiveCfg = Debug|Any CPU
		{342C7AE1-9027-4253-9946-73BA088C1F8A}.Debug|x64.Build.0 = Debug|Any CPU
		{342C7AE1-9027-4253-9946-73BA088C1F8A}.Debug|x86.ActiveCfg = Debug|Any CPU
		{342C7AE1-9027-4253-9946-73BA088C1F8A}.Debug|x86.Build.0 = Debug|Any CPU
		{342C7AE1-9027-4253-9946-73BA088C1F8A}.Debug64|Any CPU.ActiveCfg = Debug|Any CPU
		{342C7AE1-9027-4253-9946-73BA088C1F8A}.Debug64|Any CPU.Build.0 = Debug|Any CPU
		{342C7AE1-9027-4253-9946-73BA088C1F8A}.Debug64|Mixed Platforms.ActiveCfg = Debug|Any CPU
		{342C7AE1-9027-4253-9946-73BA088C1F8A}.Debug64|Mixed Platforms.Build.0 = Debug|Any CPU
		{342C7AE1-9027-4253-9946-73BA088C1F8A}.Debug64|x64.ActiveCfg = Debug|Any CPU
		{342C7AE1-9027-4253-9946-73BA088C1F8A}.Debug64|x64.Build.0 = Debug|Any CPU
		{342C7AE1-9027-4253-9946-73BA088C1F8A}.Debug64|x86.ActiveCfg = Debug|Any CPU
		{342C7AE1-9027-4253-9946-73BA088C1F8A}.Debug64|x86.Build.0 = Debug|Any CPU
		{342C7AE1-9027-4253-9946-73BA088C1F8A}.Release|Any CPU.ActiveCfg = Release|Any CPU
		{342C7AE1-9027-4253-9946-73BA088C1F8A}.Release|Any CPU.Build.0 = Release|Any CPU
		{342C7AE1-9027-4253-9946-73BA088C1F8A}.Release|Mixed Platforms.ActiveCfg = Release|Any CPU
		{342C7AE1-9027-4253-9946-73BA088C1F8A}.Release|Mixed Platforms.Build.0 = Release|Any CPU
		{342C7AE1-9027-4253-9946-73BA088C1F8A}.Release|x64.ActiveCfg = Release|Any CPU
		{342C7AE1-9027-4253-9946-73BA088C1F8A}.Release|x64.Build.0 = Release|Any CPU
		{342C7AE1-9027-4253-9946-73BA088C1F8A}.Release|x86.ActiveCfg = Release|Any CPU
		{342C7AE1-9027-4253-9946-73BA088C1F8A}.Release|x86.Build.0 = Release|Any CPU
		{342C7AE1-9027-4253-9946-73BA088C1F8A}.Release64|Any CPU.ActiveCfg = Release|Any CPU
		{342C7AE1-9027-4253-9946-73BA088C1F8A}.Release64|Any CPU.Build.0 = Release|Any CPU
		{342C7AE1-9027-4253-9946-73BA088C1F8A}.Release64|Mixed Platforms.ActiveCfg = Release|Any CPU
		{342C7AE1-9027-4253-9946-73BA088C1F8A}.Release64|Mixed Platforms.Build.0 = Release|Any CPU
		{342C7AE1-9027-4253-9946-73BA088C1F8A}.Release64|x64.ActiveCfg = Release|Any CPU
		{342C7AE1-9027-4253-9946-73BA088C1F8A}.Release64|x64.Build.0 = Release|Any CPU
		{342C7AE1-9027-4253-9946-73BA088C1F8A}.Release64|x86.ActiveCfg = Release|Any CPU
		{342C7AE1-9027-4253-9946-73BA088C1F8A}.Release64|x86.Build.0 = Release|Any CPU
		{8BD62323-3405-461D-86F5-795F39EAFB46}.Debug|Any CPU.ActiveCfg = Debug|Any CPU
		{8BD62323-3405-461D-86F5-795F39EAFB46}.Debug|Any CPU.Build.0 = Debug|Any CPU
		{8BD62323-3405-461D-86F5-795F39EAFB46}.Debug|Mixed Platforms.ActiveCfg = Debug|Any CPU
		{8BD62323-3405-461D-86F5-795F39EAFB46}.Debug|Mixed Platforms.Build.0 = Debug|Any CPU
		{8BD62323-3405-461D-86F5-795F39EAFB46}.Debug|x64.ActiveCfg = Debug|Any CPU
		{8BD62323-3405-461D-86F5-795F39EAFB46}.Debug|x64.Build.0 = Debug|Any CPU
		{8BD62323-3405-461D-86F5-795F39EAFB46}.Debug|x86.ActiveCfg = Debug|Any CPU
		{8BD62323-3405-461D-86F5-795F39EAFB46}.Debug|x86.Build.0 = Debug|Any CPU
		{8BD62323-3405-461D-86F5-795F39EAFB46}.Debug64|Any CPU.ActiveCfg = Debug|Any CPU
		{8BD62323-3405-461D-86F5-795F39EAFB46}.Debug64|Any CPU.Build.0 = Debug|Any CPU
		{8BD62323-3405-461D-86F5-795F39EAFB46}.Debug64|Mixed Platforms.ActiveCfg = Debug|Any CPU
		{8BD62323-3405-461D-86F5-795F39EAFB46}.Debug64|Mixed Platforms.Build.0 = Debug|Any CPU
		{8BD62323-3405-461D-86F5-795F39EAFB46}.Debug64|x64.ActiveCfg = Debug|Any CPU
		{8BD62323-3405-461D-86F5-795F39EAFB46}.Debug64|x64.Build.0 = Debug|Any CPU
		{8BD62323-3405-461D-86F5-795F39EAFB46}.Debug64|x86.ActiveCfg = Debug|Any CPU
		{8BD62323-3405-461D-86F5-795F39EAFB46}.Debug64|x86.Build.0 = Debug|Any CPU
		{8BD62323-3405-461D-86F5-795F39EAFB46}.Release|Any CPU.ActiveCfg = Release|Any CPU
		{8BD62323-3405-461D-86F5-795F39EAFB46}.Release|Any CPU.Build.0 = Release|Any CPU
		{8BD62323-3405-461D-86F5-795F39EAFB46}.Release|Mixed Platforms.ActiveCfg = Release|Any CPU
		{8BD62323-3405-461D-86F5-795F39EAFB46}.Release|Mixed Platforms.Build.0 = Release|Any CPU
		{8BD62323-3405-461D-86F5-795F39EAFB46}.Release|x64.ActiveCfg = Release|Any CPU
		{8BD62323-3405-461D-86F5-795F39EAFB46}.Release|x64.Build.0 = Release|Any CPU
		{8BD62323-3405-461D-86F5-795F39EAFB46}.Release|x86.ActiveCfg = Release|Any CPU
		{8BD62323-3405-461D-86F5-795F39EAFB46}.Release|x86.Build.0 = Release|Any CPU
		{8BD62323-3405-461D-86F5-795F39EAFB46}.Release64|Any CPU.ActiveCfg = Release|Any CPU
		{8BD62323-3405-461D-86F5-795F39EAFB46}.Release64|Any CPU.Build.0 = Release|Any CPU
		{8BD62323-3405-461D-86F5-795F39EAFB46}.Release64|Mixed Platforms.ActiveCfg = Release|Any CPU
		{8BD62323-3405-461D-86F5-795F39EAFB46}.Release64|Mixed Platforms.Build.0 = Release|Any CPU
		{8BD62323-3405-461D-86F5-795F39EAFB46}.Release64|x64.ActiveCfg = Release|Any CPU
		{8BD62323-3405-461D-86F5-795F39EAFB46}.Release64|x64.Build.0 = Release|Any CPU
		{8BD62323-3405-461D-86F5-795F39EAFB46}.Release64|x86.ActiveCfg = Release|Any CPU
		{8BD62323-3405-461D-86F5-795F39EAFB46}.Release64|x86.Build.0 = Release|Any CPU
		{C80F9A83-88E2-4F6D-B228-22F247914D07}.Debug|Any CPU.ActiveCfg = Debug|Any CPU
		{C80F9A83-88E2-4F6D-B228-22F247914D07}.Debug|Any CPU.Build.0 = Debug|Any CPU
		{C80F9A83-88E2-4F6D-B228-22F247914D07}.Debug|Mixed Platforms.ActiveCfg = Debug|Any CPU
		{C80F9A83-88E2-4F6D-B228-22F247914D07}.Debug|Mixed Platforms.Build.0 = Debug|Any CPU
		{C80F9A83-88E2-4F6D-B228-22F247914D07}.Debug|x64.ActiveCfg = Debug|Any CPU
		{C80F9A83-88E2-4F6D-B228-22F247914D07}.Debug|x64.Build.0 = Debug|Any CPU
		{C80F9A83-88E2-4F6D-B228-22F247914D07}.Debug|x86.ActiveCfg = Debug|Any CPU
		{C80F9A83-88E2-4F6D-B228-22F247914D07}.Debug|x86.Build.0 = Debug|Any CPU
		{C80F9A83-88E2-4F6D-B228-22F247914D07}.Debug64|Any CPU.ActiveCfg = Debug|Any CPU
		{C80F9A83-88E2-4F6D-B228-22F247914D07}.Debug64|Any CPU.Build.0 = Debug|Any CPU
		{C80F9A83-88E2-4F6D-B228-22F247914D07}.Debug64|Mixed Platforms.ActiveCfg = Debug|Any CPU
		{C80F9A83-88E2-4F6D-B228-22F247914D07}.Debug64|Mixed Platforms.Build.0 = Debug|Any CPU
		{C80F9A83-88E2-4F6D-B228-22F247914D07}.Debug64|x64.ActiveCfg = Debug|Any CPU
		{C80F9A83-88E2-4F6D-B228-22F247914D07}.Debug64|x64.Build.0 = Debug|Any CPU
		{C80F9A83-88E2-4F6D-B228-22F247914D07}.Debug64|x86.ActiveCfg = Debug|Any CPU
		{C80F9A83-88E2-4F6D-B228-22F247914D07}.Debug64|x86.Build.0 = Debug|Any CPU
		{C80F9A83-88E2-4F6D-B228-22F247914D07}.Release|Any CPU.ActiveCfg = Release|Any CPU
		{C80F9A83-88E2-4F6D-B228-22F247914D07}.Release|Any CPU.Build.0 = Release|Any CPU
		{C80F9A83-88E2-4F6D-B228-22F247914D07}.Release|Mixed Platforms.ActiveCfg = Release|Any CPU
		{C80F9A83-88E2-4F6D-B228-22F247914D07}.Release|Mixed Platforms.Build.0 = Release|Any CPU
		{C80F9A83-88E2-4F6D-B228-22F247914D07}.Release|x64.ActiveCfg = Release|Any CPU
		{C80F9A83-88E2-4F6D-B228-22F247914D07}.Release|x64.Build.0 = Release|Any CPU
		{C80F9A83-88E2-4F6D-B228-22F247914D07}.Release|x86.ActiveCfg = Release|Any CPU
		{C80F9A83-88E2-4F6D-B228-22F247914D07}.Release|x86.Build.0 = Release|Any CPU
		{C80F9A83-88E2-4F6D-B228-22F247914D07}.Release64|Any CPU.ActiveCfg = Release|Any CPU
		{C80F9A83-88E2-4F6D-B228-22F247914D07}.Release64|Any CPU.Build.0 = Release|Any CPU
		{C80F9A83-88E2-4F6D-B228-22F247914D07}.Release64|Mixed Platforms.ActiveCfg = Release|Any CPU
		{C80F9A83-88E2-4F6D-B228-22F247914D07}.Release64|Mixed Platforms.Build.0 = Release|Any CPU
		{C80F9A83-88E2-4F6D-B228-22F247914D07}.Release64|x64.ActiveCfg = Release|Any CPU
		{C80F9A83-88E2-4F6D-B228-22F247914D07}.Release64|x64.Build.0 = Release|Any CPU
		{C80F9A83-88E2-4F6D-B228-22F247914D07}.Release64|x86.ActiveCfg = Release|Any CPU
		{C80F9A83-88E2-4F6D-B228-22F247914D07}.Release64|x86.Build.0 = Release|Any CPU
		{F64314AE-ACFB-4E8B-B790-AC1469E9EDCD}.Debug|Any CPU.ActiveCfg = Debug|Any CPU
		{F64314AE-ACFB-4E8B-B790-AC1469E9EDCD}.Debug|Any CPU.Build.0 = Debug|Any CPU
		{F64314AE-ACFB-4E8B-B790-AC1469E9EDCD}.Debug|Mixed Platforms.ActiveCfg = Debug|Any CPU
		{F64314AE-ACFB-4E8B-B790-AC1469E9EDCD}.Debug|Mixed Platforms.Build.0 = Debug|Any CPU
		{F64314AE-ACFB-4E8B-B790-AC1469E9EDCD}.Debug|x64.ActiveCfg = Debug|Any CPU
		{F64314AE-ACFB-4E8B-B790-AC1469E9EDCD}.Debug|x64.Build.0 = Debug|Any CPU
		{F64314AE-ACFB-4E8B-B790-AC1469E9EDCD}.Debug|x86.ActiveCfg = Debug|Any CPU
		{F64314AE-ACFB-4E8B-B790-AC1469E9EDCD}.Debug|x86.Build.0 = Debug|Any CPU
		{F64314AE-ACFB-4E8B-B790-AC1469E9EDCD}.Debug64|Any CPU.ActiveCfg = Debug|Any CPU
		{F64314AE-ACFB-4E8B-B790-AC1469E9EDCD}.Debug64|Any CPU.Build.0 = Debug|Any CPU
		{F64314AE-ACFB-4E8B-B790-AC1469E9EDCD}.Debug64|Mixed Platforms.ActiveCfg = Debug|Any CPU
		{F64314AE-ACFB-4E8B-B790-AC1469E9EDCD}.Debug64|Mixed Platforms.Build.0 = Debug|Any CPU
		{F64314AE-ACFB-4E8B-B790-AC1469E9EDCD}.Debug64|x64.ActiveCfg = Debug|Any CPU
		{F64314AE-ACFB-4E8B-B790-AC1469E9EDCD}.Debug64|x64.Build.0 = Debug|Any CPU
		{F64314AE-ACFB-4E8B-B790-AC1469E9EDCD}.Debug64|x86.ActiveCfg = Debug|Any CPU
		{F64314AE-ACFB-4E8B-B790-AC1469E9EDCD}.Debug64|x86.Build.0 = Debug|Any CPU
		{F64314AE-ACFB-4E8B-B790-AC1469E9EDCD}.Release|Any CPU.ActiveCfg = Release|Any CPU
		{F64314AE-ACFB-4E8B-B790-AC1469E9EDCD}.Release|Any CPU.Build.0 = Release|Any CPU
		{F64314AE-ACFB-4E8B-B790-AC1469E9EDCD}.Release|Mixed Platforms.ActiveCfg = Release|Any CPU
		{F64314AE-ACFB-4E8B-B790-AC1469E9EDCD}.Release|Mixed Platforms.Build.0 = Release|Any CPU
		{F64314AE-ACFB-4E8B-B790-AC1469E9EDCD}.Release|x64.ActiveCfg = Release|Any CPU
		{F64314AE-ACFB-4E8B-B790-AC1469E9EDCD}.Release|x64.Build.0 = Release|Any CPU
		{F64314AE-ACFB-4E8B-B790-AC1469E9EDCD}.Release|x86.ActiveCfg = Release|Any CPU
		{F64314AE-ACFB-4E8B-B790-AC1469E9EDCD}.Release|x86.Build.0 = Release|Any CPU
		{F64314AE-ACFB-4E8B-B790-AC1469E9EDCD}.Release64|Any CPU.ActiveCfg = Release|Any CPU
		{F64314AE-ACFB-4E8B-B790-AC1469E9EDCD}.Release64|Any CPU.Build.0 = Release|Any CPU
		{F64314AE-ACFB-4E8B-B790-AC1469E9EDCD}.Release64|Mixed Platforms.ActiveCfg = Release|Any CPU
		{F64314AE-ACFB-4E8B-B790-AC1469E9EDCD}.Release64|Mixed Platforms.Build.0 = Release|Any CPU
		{F64314AE-ACFB-4E8B-B790-AC1469E9EDCD}.Release64|x64.ActiveCfg = Release|Any CPU
		{F64314AE-ACFB-4E8B-B790-AC1469E9EDCD}.Release64|x64.Build.0 = Release|Any CPU
		{F64314AE-ACFB-4E8B-B790-AC1469E9EDCD}.Release64|x86.ActiveCfg = Release|Any CPU
		{F64314AE-ACFB-4E8B-B790-AC1469E9EDCD}.Release64|x86.Build.0 = Release|Any CPU
		{5ACA683F-2A3A-44CF-8E6C-E6D62AF01545}.Debug|Any CPU.ActiveCfg = Debug|Any CPU
		{5ACA683F-2A3A-44CF-8E6C-E6D62AF01545}.Debug|Any CPU.Build.0 = Debug|Any CPU
		{5ACA683F-2A3A-44CF-8E6C-E6D62AF01545}.Debug|Mixed Platforms.ActiveCfg = Debug|Any CPU
		{5ACA683F-2A3A-44CF-8E6C-E6D62AF01545}.Debug|Mixed Platforms.Build.0 = Debug|Any CPU
		{5ACA683F-2A3A-44CF-8E6C-E6D62AF01545}.Debug|x64.ActiveCfg = Debug|Any CPU
		{5ACA683F-2A3A-44CF-8E6C-E6D62AF01545}.Debug|x64.Build.0 = Debug|Any CPU
		{5ACA683F-2A3A-44CF-8E6C-E6D62AF01545}.Debug|x86.ActiveCfg = Debug|Any CPU
		{5ACA683F-2A3A-44CF-8E6C-E6D62AF01545}.Debug|x86.Build.0 = Debug|Any CPU
		{5ACA683F-2A3A-44CF-8E6C-E6D62AF01545}.Debug64|Any CPU.ActiveCfg = Debug|Any CPU
		{5ACA683F-2A3A-44CF-8E6C-E6D62AF01545}.Debug64|Any CPU.Build.0 = Debug|Any CPU
		{5ACA683F-2A3A-44CF-8E6C-E6D62AF01545}.Debug64|Mixed Platforms.ActiveCfg = Debug|Any CPU
		{5ACA683F-2A3A-44CF-8E6C-E6D62AF01545}.Debug64|Mixed Platforms.Build.0 = Debug|Any CPU
		{5ACA683F-2A3A-44CF-8E6C-E6D62AF01545}.Debug64|x64.ActiveCfg = Debug|Any CPU
		{5ACA683F-2A3A-44CF-8E6C-E6D62AF01545}.Debug64|x64.Build.0 = Debug|Any CPU
		{5ACA683F-2A3A-44CF-8E6C-E6D62AF01545}.Debug64|x86.ActiveCfg = Debug|Any CPU
		{5ACA683F-2A3A-44CF-8E6C-E6D62AF01545}.Debug64|x86.Build.0 = Debug|Any CPU
		{5ACA683F-2A3A-44CF-8E6C-E6D62AF01545}.Release|Any CPU.ActiveCfg = Release|Any CPU
		{5ACA683F-2A3A-44CF-8E6C-E6D62AF01545}.Release|Any CPU.Build.0 = Release|Any CPU
		{5ACA683F-2A3A-44CF-8E6C-E6D62AF01545}.Release|Mixed Platforms.ActiveCfg = Release|Any CPU
		{5ACA683F-2A3A-44CF-8E6C-E6D62AF01545}.Release|Mixed Platforms.Build.0 = Release|Any CPU
		{5ACA683F-2A3A-44CF-8E6C-E6D62AF01545}.Release|x64.ActiveCfg = Release|Any CPU
		{5ACA683F-2A3A-44CF-8E6C-E6D62AF01545}.Release|x64.Build.0 = Release|Any CPU
		{5ACA683F-2A3A-44CF-8E6C-E6D62AF01545}.Release|x86.ActiveCfg = Release|Any CPU
		{5ACA683F-2A3A-44CF-8E6C-E6D62AF01545}.Release|x86.Build.0 = Release|Any CPU
		{5ACA683F-2A3A-44CF-8E6C-E6D62AF01545}.Release64|Any CPU.ActiveCfg = Release|Any CPU
		{5ACA683F-2A3A-44CF-8E6C-E6D62AF01545}.Release64|Any CPU.Build.0 = Release|Any CPU
		{5ACA683F-2A3A-44CF-8E6C-E6D62AF01545}.Release64|Mixed Platforms.ActiveCfg = Release|Any CPU
		{5ACA683F-2A3A-44CF-8E6C-E6D62AF01545}.Release64|Mixed Platforms.Build.0 = Release|Any CPU
		{5ACA683F-2A3A-44CF-8E6C-E6D62AF01545}.Release64|x64.ActiveCfg = Release|Any CPU
		{5ACA683F-2A3A-44CF-8E6C-E6D62AF01545}.Release64|x64.Build.0 = Release|Any CPU
		{5ACA683F-2A3A-44CF-8E6C-E6D62AF01545}.Release64|x86.ActiveCfg = Release|Any CPU
		{5ACA683F-2A3A-44CF-8E6C-E6D62AF01545}.Release64|x86.Build.0 = Release|Any CPU
		{EE706059-DDF6-4B5C-8BB0-F4DF57BCB05C}.Debug|Any CPU.ActiveCfg = Debug|Any CPU
		{EE706059-DDF6-4B5C-8BB0-F4DF57BCB05C}.Debug|Any CPU.Build.0 = Debug|Any CPU
		{EE706059-DDF6-4B5C-8BB0-F4DF57BCB05C}.Debug|Mixed Platforms.ActiveCfg = Debug|Any CPU
		{EE706059-DDF6-4B5C-8BB0-F4DF57BCB05C}.Debug|Mixed Platforms.Build.0 = Debug|Any CPU
		{EE706059-DDF6-4B5C-8BB0-F4DF57BCB05C}.Debug|x64.ActiveCfg = Debug|Any CPU
		{EE706059-DDF6-4B5C-8BB0-F4DF57BCB05C}.Debug|x64.Build.0 = Debug|Any CPU
		{EE706059-DDF6-4B5C-8BB0-F4DF57BCB05C}.Debug|x86.ActiveCfg = Debug|Any CPU
		{EE706059-DDF6-4B5C-8BB0-F4DF57BCB05C}.Debug|x86.Build.0 = Debug|Any CPU
		{EE706059-DDF6-4B5C-8BB0-F4DF57BCB05C}.Debug64|Any CPU.ActiveCfg = Debug|Any CPU
		{EE706059-DDF6-4B5C-8BB0-F4DF57BCB05C}.Debug64|Any CPU.Build.0 = Debug|Any CPU
		{EE706059-DDF6-4B5C-8BB0-F4DF57BCB05C}.Debug64|Mixed Platforms.ActiveCfg = Debug|Any CPU
		{EE706059-DDF6-4B5C-8BB0-F4DF57BCB05C}.Debug64|Mixed Platforms.Build.0 = Debug|Any CPU
		{EE706059-DDF6-4B5C-8BB0-F4DF57BCB05C}.Debug64|x64.ActiveCfg = Debug|Any CPU
		{EE706059-DDF6-4B5C-8BB0-F4DF57BCB05C}.Debug64|x64.Build.0 = Debug|Any CPU
		{EE706059-DDF6-4B5C-8BB0-F4DF57BCB05C}.Debug64|x86.ActiveCfg = Debug|Any CPU
		{EE706059-DDF6-4B5C-8BB0-F4DF57BCB05C}.Debug64|x86.Build.0 = Debug|Any CPU
		{EE706059-DDF6-4B5C-8BB0-F4DF57BCB05C}.Release|Any CPU.ActiveCfg = Release|Any CPU
		{EE706059-DDF6-4B5C-8BB0-F4DF57BCB05C}.Release|Any CPU.Build.0 = Release|Any CPU
		{EE706059-DDF6-4B5C-8BB0-F4DF57BCB05C}.Release|Mixed Platforms.ActiveCfg = Release|Any CPU
		{EE706059-DDF6-4B5C-8BB0-F4DF57BCB05C}.Release|Mixed Platforms.Build.0 = Release|Any CPU
		{EE706059-DDF6-4B5C-8BB0-F4DF57BCB05C}.Release|x64.ActiveCfg = Release|Any CPU
		{EE706059-DDF6-4B5C-8BB0-F4DF57BCB05C}.Release|x64.Build.0 = Release|Any CPU
		{EE706059-DDF6-4B5C-8BB0-F4DF57BCB05C}.Release|x86.ActiveCfg = Release|Any CPU
		{EE706059-DDF6-4B5C-8BB0-F4DF57BCB05C}.Release|x86.Build.0 = Release|Any CPU
		{EE706059-DDF6-4B5C-8BB0-F4DF57BCB05C}.Release64|Any CPU.ActiveCfg = Release|Any CPU
		{EE706059-DDF6-4B5C-8BB0-F4DF57BCB05C}.Release64|Any CPU.Build.0 = Release|Any CPU
		{EE706059-DDF6-4B5C-8BB0-F4DF57BCB05C}.Release64|Mixed Platforms.ActiveCfg = Release|Any CPU
		{EE706059-DDF6-4B5C-8BB0-F4DF57BCB05C}.Release64|Mixed Platforms.Build.0 = Release|Any CPU
		{EE706059-DDF6-4B5C-8BB0-F4DF57BCB05C}.Release64|x64.ActiveCfg = Release|Any CPU
		{EE706059-DDF6-4B5C-8BB0-F4DF57BCB05C}.Release64|x64.Build.0 = Release|Any CPU
		{EE706059-DDF6-4B5C-8BB0-F4DF57BCB05C}.Release64|x86.ActiveCfg = Release|Any CPU
		{EE706059-DDF6-4B5C-8BB0-F4DF57BCB05C}.Release64|x86.Build.0 = Release|Any CPU
		{A15146D2-D7CF-4F8B-AC76-EC6884168E31}.Debug|Any CPU.ActiveCfg = Debug|Any CPU
		{A15146D2-D7CF-4F8B-AC76-EC6884168E31}.Debug|Any CPU.Build.0 = Debug|Any CPU
		{A15146D2-D7CF-4F8B-AC76-EC6884168E31}.Debug|Mixed Platforms.ActiveCfg = Debug|Any CPU
		{A15146D2-D7CF-4F8B-AC76-EC6884168E31}.Debug|Mixed Platforms.Build.0 = Debug|Any CPU
		{A15146D2-D7CF-4F8B-AC76-EC6884168E31}.Debug|x64.ActiveCfg = Debug|Any CPU
		{A15146D2-D7CF-4F8B-AC76-EC6884168E31}.Debug|x64.Build.0 = Debug|Any CPU
		{A15146D2-D7CF-4F8B-AC76-EC6884168E31}.Debug|x86.ActiveCfg = Debug|Any CPU
		{A15146D2-D7CF-4F8B-AC76-EC6884168E31}.Debug|x86.Build.0 = Debug|Any CPU
		{A15146D2-D7CF-4F8B-AC76-EC6884168E31}.Debug64|Any CPU.ActiveCfg = Debug|Any CPU
		{A15146D2-D7CF-4F8B-AC76-EC6884168E31}.Debug64|Any CPU.Build.0 = Debug|Any CPU
		{A15146D2-D7CF-4F8B-AC76-EC6884168E31}.Debug64|Mixed Platforms.ActiveCfg = Debug|Any CPU
		{A15146D2-D7CF-4F8B-AC76-EC6884168E31}.Debug64|Mixed Platforms.Build.0 = Debug|Any CPU
		{A15146D2-D7CF-4F8B-AC76-EC6884168E31}.Debug64|x64.ActiveCfg = Debug|Any CPU
		{A15146D2-D7CF-4F8B-AC76-EC6884168E31}.Debug64|x64.Build.0 = Debug|Any CPU
		{A15146D2-D7CF-4F8B-AC76-EC6884168E31}.Debug64|x86.ActiveCfg = Debug|Any CPU
		{A15146D2-D7CF-4F8B-AC76-EC6884168E31}.Debug64|x86.Build.0 = Debug|Any CPU
		{A15146D2-D7CF-4F8B-AC76-EC6884168E31}.Release|Any CPU.ActiveCfg = Release|Any CPU
		{A15146D2-D7CF-4F8B-AC76-EC6884168E31}.Release|Any CPU.Build.0 = Release|Any CPU
		{A15146D2-D7CF-4F8B-AC76-EC6884168E31}.Release|Mixed Platforms.ActiveCfg = Release|Any CPU
		{A15146D2-D7CF-4F8B-AC76-EC6884168E31}.Release|Mixed Platforms.Build.0 = Release|Any CPU
		{A15146D2-D7CF-4F8B-AC76-EC6884168E31}.Release|x64.ActiveCfg = Release|Any CPU
		{A15146D2-D7CF-4F8B-AC76-EC6884168E31}.Release|x64.Build.0 = Release|Any CPU
		{A15146D2-D7CF-4F8B-AC76-EC6884168E31}.Release|x86.ActiveCfg = Release|Any CPU
		{A15146D2-D7CF-4F8B-AC76-EC6884168E31}.Release|x86.Build.0 = Release|Any CPU
		{A15146D2-D7CF-4F8B-AC76-EC6884168E31}.Release64|Any CPU.ActiveCfg = Release|Any CPU
		{A15146D2-D7CF-4F8B-AC76-EC6884168E31}.Release64|Any CPU.Build.0 = Release|Any CPU
		{A15146D2-D7CF-4F8B-AC76-EC6884168E31}.Release64|Mixed Platforms.ActiveCfg = Release|Any CPU
		{A15146D2-D7CF-4F8B-AC76-EC6884168E31}.Release64|Mixed Platforms.Build.0 = Release|Any CPU
		{A15146D2-D7CF-4F8B-AC76-EC6884168E31}.Release64|x64.ActiveCfg = Release|Any CPU
		{A15146D2-D7CF-4F8B-AC76-EC6884168E31}.Release64|x64.Build.0 = Release|Any CPU
		{A15146D2-D7CF-4F8B-AC76-EC6884168E31}.Release64|x86.ActiveCfg = Release|Any CPU
		{A15146D2-D7CF-4F8B-AC76-EC6884168E31}.Release64|x86.Build.0 = Release|Any CPU
		{9170096B-C4DE-40AA-89FF-A4A91788DBB4}.Debug|Any CPU.ActiveCfg = Debug|Any CPU
		{9170096B-C4DE-40AA-89FF-A4A91788DBB4}.Debug|Any CPU.Build.0 = Debug|Any CPU
		{9170096B-C4DE-40AA-89FF-A4A91788DBB4}.Debug|Mixed Platforms.ActiveCfg = Debug|Any CPU
		{9170096B-C4DE-40AA-89FF-A4A91788DBB4}.Debug|Mixed Platforms.Build.0 = Debug|Any CPU
		{9170096B-C4DE-40AA-89FF-A4A91788DBB4}.Debug|x64.ActiveCfg = Debug|Any CPU
		{9170096B-C4DE-40AA-89FF-A4A91788DBB4}.Debug|x64.Build.0 = Debug|Any CPU
		{9170096B-C4DE-40AA-89FF-A4A91788DBB4}.Debug|x86.ActiveCfg = Debug|Any CPU
		{9170096B-C4DE-40AA-89FF-A4A91788DBB4}.Debug|x86.Build.0 = Debug|Any CPU
		{9170096B-C4DE-40AA-89FF-A4A91788DBB4}.Debug64|Any CPU.ActiveCfg = Debug|Any CPU
		{9170096B-C4DE-40AA-89FF-A4A91788DBB4}.Debug64|Any CPU.Build.0 = Debug|Any CPU
		{9170096B-C4DE-40AA-89FF-A4A91788DBB4}.Debug64|Mixed Platforms.ActiveCfg = Debug|Any CPU
		{9170096B-C4DE-40AA-89FF-A4A91788DBB4}.Debug64|Mixed Platforms.Build.0 = Debug|Any CPU
		{9170096B-C4DE-40AA-89FF-A4A91788DBB4}.Debug64|x64.ActiveCfg = Debug|Any CPU
		{9170096B-C4DE-40AA-89FF-A4A91788DBB4}.Debug64|x64.Build.0 = Debug|Any CPU
		{9170096B-C4DE-40AA-89FF-A4A91788DBB4}.Debug64|x86.ActiveCfg = Debug|Any CPU
		{9170096B-C4DE-40AA-89FF-A4A91788DBB4}.Debug64|x86.Build.0 = Debug|Any CPU
		{9170096B-C4DE-40AA-89FF-A4A91788DBB4}.Release|Any CPU.ActiveCfg = Release|Any CPU
		{9170096B-C4DE-40AA-89FF-A4A91788DBB4}.Release|Any CPU.Build.0 = Release|Any CPU
		{9170096B-C4DE-40AA-89FF-A4A91788DBB4}.Release|Mixed Platforms.ActiveCfg = Release|Any CPU
		{9170096B-C4DE-40AA-89FF-A4A91788DBB4}.Release|Mixed Platforms.Build.0 = Release|Any CPU
		{9170096B-C4DE-40AA-89FF-A4A91788DBB4}.Release|x64.ActiveCfg = Release|Any CPU
		{9170096B-C4DE-40AA-89FF-A4A91788DBB4}.Release|x64.Build.0 = Release|Any CPU
		{9170096B-C4DE-40AA-89FF-A4A91788DBB4}.Release|x86.ActiveCfg = Release|Any CPU
		{9170096B-C4DE-40AA-89FF-A4A91788DBB4}.Release|x86.Build.0 = Release|Any CPU
		{9170096B-C4DE-40AA-89FF-A4A91788DBB4}.Release64|Any CPU.ActiveCfg = Release|Any CPU
		{9170096B-C4DE-40AA-89FF-A4A91788DBB4}.Release64|Any CPU.Build.0 = Release|Any CPU
		{9170096B-C4DE-40AA-89FF-A4A91788DBB4}.Release64|Mixed Platforms.ActiveCfg = Release|Any CPU
		{9170096B-C4DE-40AA-89FF-A4A91788DBB4}.Release64|Mixed Platforms.Build.0 = Release|Any CPU
		{9170096B-C4DE-40AA-89FF-A4A91788DBB4}.Release64|x64.ActiveCfg = Release|Any CPU
		{9170096B-C4DE-40AA-89FF-A4A91788DBB4}.Release64|x64.Build.0 = Release|Any CPU
		{9170096B-C4DE-40AA-89FF-A4A91788DBB4}.Release64|x86.ActiveCfg = Release|Any CPU
		{9170096B-C4DE-40AA-89FF-A4A91788DBB4}.Release64|x86.Build.0 = Release|Any CPU
		{D5A893B9-2A39-4D9B-B945-CE75290CF656}.Debug|Any CPU.ActiveCfg = Debug|Any CPU
		{D5A893B9-2A39-4D9B-B945-CE75290CF656}.Debug|Any CPU.Build.0 = Debug|Any CPU
		{D5A893B9-2A39-4D9B-B945-CE75290CF656}.Debug|Mixed Platforms.ActiveCfg = Debug|Any CPU
		{D5A893B9-2A39-4D9B-B945-CE75290CF656}.Debug|Mixed Platforms.Build.0 = Debug|Any CPU
		{D5A893B9-2A39-4D9B-B945-CE75290CF656}.Debug|x64.ActiveCfg = Debug|Any CPU
		{D5A893B9-2A39-4D9B-B945-CE75290CF656}.Debug|x64.Build.0 = Debug|Any CPU
		{D5A893B9-2A39-4D9B-B945-CE75290CF656}.Debug|x86.ActiveCfg = Debug|Any CPU
		{D5A893B9-2A39-4D9B-B945-CE75290CF656}.Debug|x86.Build.0 = Debug|Any CPU
		{D5A893B9-2A39-4D9B-B945-CE75290CF656}.Debug64|Any CPU.ActiveCfg = Debug|Any CPU
		{D5A893B9-2A39-4D9B-B945-CE75290CF656}.Debug64|Any CPU.Build.0 = Debug|Any CPU
		{D5A893B9-2A39-4D9B-B945-CE75290CF656}.Debug64|Mixed Platforms.ActiveCfg = Debug|Any CPU
		{D5A893B9-2A39-4D9B-B945-CE75290CF656}.Debug64|Mixed Platforms.Build.0 = Debug|Any CPU
		{D5A893B9-2A39-4D9B-B945-CE75290CF656}.Debug64|x64.ActiveCfg = Debug|Any CPU
		{D5A893B9-2A39-4D9B-B945-CE75290CF656}.Debug64|x64.Build.0 = Debug|Any CPU
		{D5A893B9-2A39-4D9B-B945-CE75290CF656}.Debug64|x86.ActiveCfg = Debug|Any CPU
		{D5A893B9-2A39-4D9B-B945-CE75290CF656}.Debug64|x86.Build.0 = Debug|Any CPU
		{D5A893B9-2A39-4D9B-B945-CE75290CF656}.Release|Any CPU.ActiveCfg = Release|Any CPU
		{D5A893B9-2A39-4D9B-B945-CE75290CF656}.Release|Any CPU.Build.0 = Release|Any CPU
		{D5A893B9-2A39-4D9B-B945-CE75290CF656}.Release|Mixed Platforms.ActiveCfg = Release|Any CPU
		{D5A893B9-2A39-4D9B-B945-CE75290CF656}.Release|Mixed Platforms.Build.0 = Release|Any CPU
		{D5A893B9-2A39-4D9B-B945-CE75290CF656}.Release|x64.ActiveCfg = Release|Any CPU
		{D5A893B9-2A39-4D9B-B945-CE75290CF656}.Release|x64.Build.0 = Release|Any CPU
		{D5A893B9-2A39-4D9B-B945-CE75290CF656}.Release|x86.ActiveCfg = Release|Any CPU
		{D5A893B9-2A39-4D9B-B945-CE75290CF656}.Release|x86.Build.0 = Release|Any CPU
		{D5A893B9-2A39-4D9B-B945-CE75290CF656}.Release64|Any CPU.ActiveCfg = Release|Any CPU
		{D5A893B9-2A39-4D9B-B945-CE75290CF656}.Release64|Any CPU.Build.0 = Release|Any CPU
		{D5A893B9-2A39-4D9B-B945-CE75290CF656}.Release64|Mixed Platforms.ActiveCfg = Release|Any CPU
		{D5A893B9-2A39-4D9B-B945-CE75290CF656}.Release64|Mixed Platforms.Build.0 = Release|Any CPU
		{D5A893B9-2A39-4D9B-B945-CE75290CF656}.Release64|x64.ActiveCfg = Release|Any CPU
		{D5A893B9-2A39-4D9B-B945-CE75290CF656}.Release64|x64.Build.0 = Release|Any CPU
		{D5A893B9-2A39-4D9B-B945-CE75290CF656}.Release64|x86.ActiveCfg = Release|Any CPU
		{D5A893B9-2A39-4D9B-B945-CE75290CF656}.Release64|x86.Build.0 = Release|Any CPU
	EndGlobalSection
	GlobalSection(SolutionProperties) = preSolution
		HideSolutionNode = FALSE
	EndGlobalSection
	GlobalSection(NestedProjects) = preSolution
		{FB347EEE-0099-4B90-BD75-61ED8DA92879} = {18117E31-E5D4-4783-8328-3125F2CAFDB2}
		{D994928A-3BFA-4EDC-B0F2-556098A56CD2} = {18117E31-E5D4-4783-8328-3125F2CAFDB2}
	EndGlobalSection
	GlobalSection(ExtensibilityGlobals) = postSolution
		SolutionGuid = {DE8277CB-850B-4B61-B248-477EBCBB0159}
	EndGlobalSection
	GlobalSection(TestCaseManagementSettings) = postSolution
		CategoryFile = TypeVisualiser.vsmdi
	EndGlobalSection
EndGlobal
